
Microsoft Visual Studio Solution File, Format Version 12.00
# Visual Studio Version 17
VisualStudioVersion = 17.9.34728.123
MinimumVisualStudioVersion = 10.0.40219.1
Project("{2150E333-8FDC-42A3-9474-1A3956D46DE8}") = "Services", "Services", "{160050C3-1F74-4470-9A10-4F5B9A985E01}"
EndProject
Project("{2150E333-8FDC-42A3-9474-1A3956D46DE8}") = "Catalog", "Catalog", "{9CA67E00-E3C6-4AAD-AB38-56A7B94C0ED0}"
EndProject
Project("{9A19103F-16F7-4668-BE54-9A1E7A4F7556}") = "Catalog.API", "Services\Catalog\Catalog.API\Catalog.API.csproj", "{07A4D6B0-7926-4A4C-B3EB-B3A1F8B40F78}"
EndProject
Project("{2150E333-8FDC-42A3-9474-1A3956D46DE8}") = "BuildingBlocks", "BuildingBlocks", "{B0EF524B-58F7-4F47-AEDA-A810BF7BFB84}"
EndProject
Project("{9A19103F-16F7-4668-BE54-9A1E7A4F7556}") = "BuildingBlocks", "BuildingBlocks\BuildingBlocks\BuildingBlocks.csproj", "{8EA2AB83-95B2-423E-81B9-B613AD287E58}"
EndProject
Project("{E53339B2-1760-4266-BCC7-CA923CBCF16C}") = "docker-compose", "docker-compose.dcproj", "{B82A33E0-3820-41F6-BADB-BACB905291F8}"
EndProject
Project("{2150E333-8FDC-42A3-9474-1A3956D46DE8}") = "Basket", "Basket", "{147D4304-B8C3-43C8-A3A3-AB11CA19E6E1}"
EndProject
Project("{9A19103F-16F7-4668-BE54-9A1E7A4F7556}") = "Basket.API", "Services\Basket\Basket.API\Basket.API.csproj", "{CDBB2121-98FA-4E49-A424-F3800D1DDC5F}"
EndProject
Project("{2150E333-8FDC-42A3-9474-1A3956D46DE8}") = "Discount", "Discount", "{0CB44088-AF68-42CE-ABE5-E0A2E38C3DD4}"
EndProject
Project("{FAE04EC0-301F-11D3-BF4B-00C04F79EFBC}") = "Discount.Grpc", "Services\Discount\Discount.Grpc\Discount.Grpc.csproj", "{6444F0B1-81A0-44CA-9B2C-EA6D0795E6B4}"
EndProject
Global
	GlobalSection(SolutionConfigurationPlatforms) = preSolution
		Debug|Any CPU = Debug|Any CPU
		Release|Any CPU = Release|Any CPU
	EndGlobalSection
	GlobalSection(ProjectConfigurationPlatforms) = postSolution
		{07A4D6B0-7926-4A4C-B3EB-B3A1F8B40F78}.Debug|Any CPU.ActiveCfg = Debug|Any CPU
		{07A4D6B0-7926-4A4C-B3EB-B3A1F8B40F78}.Debug|Any CPU.Build.0 = Debug|Any CPU
		{07A4D6B0-7926-4A4C-B3EB-B3A1F8B40F78}.Release|Any CPU.ActiveCfg = Release|Any CPU
		{07A4D6B0-7926-4A4C-B3EB-B3A1F8B40F78}.Release|Any CPU.Build.0 = Release|Any CPU
		{8EA2AB83-95B2-423E-81B9-B613AD287E58}.Debug|Any CPU.ActiveCfg = Debug|Any CPU
		{8EA2AB83-95B2-423E-81B9-B613AD287E58}.Debug|Any CPU.Build.0 = Debug|Any CPU
		{8EA2AB83-95B2-423E-81B9-B613AD287E58}.Release|Any CPU.ActiveCfg = Release|Any CPU
		{8EA2AB83-95B2-423E-81B9-B613AD287E58}.Release|Any CPU.Build.0 = Release|Any CPU
		{B82A33E0-3820-41F6-BADB-BACB905291F8}.Debug|Any CPU.ActiveCfg = Debug|Any CPU
		{B82A33E0-3820-41F6-BADB-BACB905291F8}.Debug|Any CPU.Build.0 = Debug|Any CPU
		{B82A33E0-3820-41F6-BADB-BACB905291F8}.Release|Any CPU.ActiveCfg = Release|Any CPU
		{B82A33E0-3820-41F6-BADB-BACB905291F8}.Release|Any CPU.Build.0 = Release|Any CPU
		{CDBB2121-98FA-4E49-A424-F3800D1DDC5F}.Debug|Any CPU.ActiveCfg = Debug|Any CPU
		{CDBB2121-98FA-4E49-A424-F3800D1DDC5F}.Debug|Any CPU.Build.0 = Debug|Any CPU
		{CDBB2121-98FA-4E49-A424-F3800D1DDC5F}.Release|Any CPU.ActiveCfg = Release|Any CPU
		{CDBB2121-98FA-4E49-A424-F3800D1DDC5F}.Release|Any CPU.Build.0 = Release|Any CPU
		{6444F0B1-81A0-44CA-9B2C-EA6D0795E6B4}.Debug|Any CPU.ActiveCfg = Debug|Any CPU
		{6444F0B1-81A0-44CA-9B2C-EA6D0795E6B4}.Debug|Any CPU.Build.0 = Debug|Any CPU
		{6444F0B1-81A0-44CA-9B2C-EA6D0795E6B4}.Release|Any CPU.ActiveCfg = Release|Any CPU
		{6444F0B1-81A0-44CA-9B2C-EA6D0795E6B4}.Release|Any CPU.Build.0 = Release|Any CPU
	EndGlobalSection
	GlobalSection(SolutionProperties) = preSolution
		HideSolutionNode = FALSE
	EndGlobalSection
	GlobalSection(NestedProjects) = preSolution
		{9CA67E00-E3C6-4AAD-AB38-56A7B94C0ED0} = {160050C3-1F74-4470-9A10-4F5B9A985E01}
		{07A4D6B0-7926-4A4C-B3EB-B3A1F8B40F78} = {9CA67E00-E3C6-4AAD-AB38-56A7B94C0ED0}
		{8EA2AB83-95B2-423E-81B9-B613AD287E58} = {B0EF524B-58F7-4F47-AEDA-A810BF7BFB84}
		{147D4304-B8C3-43C8-A3A3-AB11CA19E6E1} = {160050C3-1F74-4470-9A10-4F5B9A985E01}
		{CDBB2121-98FA-4E49-A424-F3800D1DDC5F} = {147D4304-B8C3-43C8-A3A3-AB11CA19E6E1}
		{0CB44088-AF68-42CE-ABE5-E0A2E38C3DD4} = {160050C3-1F74-4470-9A10-4F5B9A985E01}
		{6444F0B1-81A0-44CA-9B2C-EA6D0795E6B4} = {0CB44088-AF68-42CE-ABE5-E0A2E38C3DD4}
	EndGlobalSection
	GlobalSection(ExtensibilityGlobals) = postSolution
		SolutionGuid = {B6BEE687-36AD-44B7-9AE2-45D624F64CAA}
	EndGlobalSection
EndGlobal
